id: demo.echo
name: Demo Echo
version: 0.1.0
status: draft
purpose: Echo a text payload for local registry and CLI smoke testing.
implementation:
  kind: rust
  entry: crates/blocks-cli/src/main.rs
  target: shared
input_schema:
  text:
    type: string
    required: true
    min_length: 1
output_schema:
  text:
    type: string
    required: true
