id: core.fs.read_text
name: Read Text File
version: 0.1.0
status: draft
purpose: Read a UTF-8 text file from disk.
implementation:
  kind: rust
  entry: rust/lib.rs
  target: backend
input_schema:
  path:
    type: string
    required: true
    min_length: 1
output_schema:
  text:
    type: string
    required: true
