id: core.json.transform
name: JSON Transform
version: 0.1.0
status: draft
purpose: Perform a minimal JSON transform by returning the provided object as `result`.
implementation:
  kind: rust
  entry: rust/lib.rs
  target: shared
input_schema:
  source:
    type: object
    required: true
output_schema:
  result:
    type: object
    required: true
